
Microsoft Visual Studio Solution File, Format Version 12.00
# Visual Studio 15
VisualStudioVersion = 15.0.27428.2002
MinimumVisualStudioVersion = 10.0.40219.1
Project("{FAE04EC0-301F-11D3-BF4B-00C04F79EFBC}") = "FractionLearningProgram", "FractionLearningProgram\FractionLearningProgram.csproj", "{A165289B-C805-40D1-BD24-6337C3D14750}"
EndProject
Project("{FAE04EC0-301F-11D3-BF4B-00C04F79EFBC}") = "HumanResourceManagement", "HumanResourceManagement\HumanResourceManagement.csproj", "{1B7D478A-0447-4971-B68D-2EE84FF704ED}"
EndProject
Project("{FAE04EC0-301F-11D3-BF4B-00C04F79EFBC}") = "StaffManagement", "StaffManagement\StaffManagement.csproj", "{3E6346AE-2B28-460C-AD65-2C130EB1B12A}"
EndProject
Global
	GlobalSection(SolutionConfigurationPlatforms) = preSolution
		Debug|Any CPU = Debug|Any CPU
		Release|Any CPU = Release|Any CPU
	EndGlobalSection
	GlobalSection(ProjectConfigurationPlatforms) = postSolution
		{A165289B-C805-40D1-BD24-6337C3D14750}.Debug|Any CPU.ActiveCfg = Debug|Any CPU
		{A165289B-C805-40D1-BD24-6337C3D14750}.Debug|Any CPU.Build.0 = Debug|Any CPU
		{A165289B-C805-40D1-BD24-6337C3D14750}.Release|Any CPU.ActiveCfg = Release|Any CPU
		{A165289B-C805-40D1-BD24-6337C3D14750}.Release|Any CPU.Build.0 = Release|Any CPU
		{1B7D478A-0447-4971-B68D-2EE84FF704ED}.Debug|Any CPU.ActiveCfg = Debug|Any CPU
		{1B7D478A-0447-4971-B68D-2EE84FF704ED}.Debug|Any CPU.Build.0 = Debug|Any CPU
		{1B7D478A-0447-4971-B68D-2EE84FF704ED}.Release|Any CPU.ActiveCfg = Release|Any CPU
		{1B7D478A-0447-4971-B68D-2EE84FF704ED}.Release|Any CPU.Build.0 = Release|Any CPU
		{3E6346AE-2B28-460C-AD65-2C130EB1B12A}.Debug|Any CPU.ActiveCfg = Debug|Any CPU
		{3E6346AE-2B28-460C-AD65-2C130EB1B12A}.Debug|Any CPU.Build.0 = Debug|Any CPU
		{3E6346AE-2B28-460C-AD65-2C130EB1B12A}.Release|Any CPU.ActiveCfg = Release|Any CPU
		{3E6346AE-2B28-460C-AD65-2C130EB1B12A}.Release|Any CPU.Build.0 = Release|Any CPU
	EndGlobalSection
	GlobalSection(SolutionProperties) = preSolution
		HideSolutionNode = FALSE
	EndGlobalSection
	GlobalSection(ExtensibilityGlobals) = postSolution
		SolutionGuid = {A76D9E2F-636A-484D-B4C5-3ECA93595818}
	EndGlobalSection
EndGlobal
